
Microsoft Visual Studio Solution File, Format Version 12.00
# Visual Studio Version 17
VisualStudioVersion = 17.5.33530.505
MinimumVisualStudioVersion = 10.0.40219.1
Project("{FAE04EC0-301F-11D3-BF4B-00C04F79EFBC}") = "Web", "Web\Web.csproj", "{E71F834E-953E-4D85-86AF-2C4F0D8DD80F}"
EndProject
Global
	GlobalSection(SolutionConfigurationPlatforms) = preSolution
		Debug|Any CPU = Debug|Any CPU
		Release|Any CPU = Release|Any CPU
	EndGlobalSection
	GlobalSection(ProjectConfigurationPlatforms) = postSolution
		{E71F834E-953E-4D85-86AF-2C4F0D8DD80F}.Debug|Any CPU.ActiveCfg = Debug|Any CPU
		{E71F834E-953E-4D85-86AF-2C4F0D8DD80F}.Debug|Any CPU.Build.0 = Debug|Any CPU
		{E71F834E-953E-4D85-86AF-2C4F0D8DD80F}.Release|Any CPU.ActiveCfg = Release|Any CPU
		{E71F834E-953E-4D85-86AF-2C4F0D8DD80F}.Release|Any CPU.Build.0 = Release|Any CPU
	EndGlobalSection
	GlobalSection(SolutionProperties) = preSolution
		HideSolutionNode = FALSE
	EndGlobalSection
	GlobalSection(ExtensibilityGlobals) = postSolution
		SolutionGuid = {7506CF90-41FB-4067-B2A3-B0834B208DD9}
	EndGlobalSection
EndGlobal
